
Microsoft Visual Studio Solution File, Format Version 12.00
# Visual Studio Version 17
VisualStudioVersion = 17.14.36212.18
MinimumVisualStudioVersion = 10.0.40219.1
Project("{FAE04EC0-301F-11D3-BF4B-00C04F79EFBC}") = "Navis.Domain", "Navis.Domain\Navis.Domain.csproj", "{F7D0EA6C-D02A-4B2F-A2B5-AD2D6829F9E5}"
EndProject
Project("{FAE04EC0-301F-11D3-BF4B-00C04F79EFBC}") = "Navis.Application", "Navis.Application\Navis.Application.csproj", "{20F5F15E-E9BB-4542-A603-FFE3DA850C13}"
EndProject
Project("{FAE04EC0-301F-11D3-BF4B-00C04F79EFBC}") = "Navis.API", "Navis.API\Navis.API.csproj", "{1B761384-8711-44C4-8D35-9ABCBB471F78}"
EndProject
Project("{FAE04EC0-301F-11D3-BF4B-00C04F79EFBC}") = "Navis.Repository", "Navis.Repository\Navis.Repository.csproj", "{F9AFAD99-8A2D-42BC-8C64-A7BEC0E90D03}"
EndProject
Global
	GlobalSection(SolutionConfigurationPlatforms) = preSolution
		Debug|Any CPU = Debug|Any CPU
		Release|Any CPU = Release|Any CPU
	EndGlobalSection
	GlobalSection(ProjectConfigurationPlatforms) = postSolution
		{F7D0EA6C-D02A-4B2F-A2B5-AD2D6829F9E5}.Debug|Any CPU.ActiveCfg = Debug|Any CPU
		{F7D0EA6C-D02A-4B2F-A2B5-AD2D6829F9E5}.Debug|Any CPU.Build.0 = Debug|Any CPU
		{F7D0EA6C-D02A-4B2F-A2B5-AD2D6829F9E5}.Release|Any CPU.ActiveCfg = Release|Any CPU
		{F7D0EA6C-D02A-4B2F-A2B5-AD2D6829F9E5}.Release|Any CPU.Build.0 = Release|Any CPU
		{20F5F15E-E9BB-4542-A603-FFE3DA850C13}.Debug|Any CPU.ActiveCfg = Debug|Any CPU
		{20F5F15E-E9BB-4542-A603-FFE3DA850C13}.Debug|Any CPU.Build.0 = Debug|Any CPU
		{20F5F15E-E9BB-4542-A603-FFE3DA850C13}.Release|Any CPU.ActiveCfg = Release|Any CPU
		{20F5F15E-E9BB-4542-A603-FFE3DA850C13}.Release|Any CPU.Build.0 = Release|Any CPU
		{1B761384-8711-44C4-8D35-9ABCBB471F78}.Debug|Any CPU.ActiveCfg = Debug|Any CPU
		{1B761384-8711-44C4-8D35-9ABCBB471F78}.Debug|Any CPU.Build.0 = Debug|Any CPU
		{1B761384-8711-44C4-8D35-9ABCBB471F78}.Release|Any CPU.ActiveCfg = Release|Any CPU
		{1B761384-8711-44C4-8D35-9ABCBB471F78}.Release|Any CPU.Build.0 = Release|Any CPU
		{F9AFAD99-8A2D-42BC-8C64-A7BEC0E90D03}.Debug|Any CPU.ActiveCfg = Debug|Any CPU
		{F9AFAD99-8A2D-42BC-8C64-A7BEC0E90D03}.Debug|Any CPU.Build.0 = Debug|Any CPU
		{F9AFAD99-8A2D-42BC-8C64-A7BEC0E90D03}.Release|Any CPU.ActiveCfg = Release|Any CPU
		{F9AFAD99-8A2D-42BC-8C64-A7BEC0E90D03}.Release|Any CPU.Build.0 = Release|Any CPU
	EndGlobalSection
	GlobalSection(SolutionProperties) = preSolution
		HideSolutionNode = FALSE
	EndGlobalSection
	GlobalSection(ExtensibilityGlobals) = postSolution
		SolutionGuid = {D0E9F0AC-BCCC-4041-922D-20CA2BD5F8AC}
	EndGlobalSection
EndGlobal
